// !$*UTF8*$!
{
	archiveVersion = 1;
	classes = {
	};
	objectVersion = 51;
	objects = {

/* Begin PBXBuildFile section */
		0DB87D362364B52500059DC8 /* Page.swift in Sources */ = {isa = PBXBuildFile; fileRef = 0DB87D352364B52500059DC8 /* Page.swift */; };
		0DB87D3B2364DF7800059DC8 /* colors.swift in Sources */ = {isa = PBXBuildFile; fileRef = 0DB87D3A2364DF7800059DC8 /* colors.swift */; };
		0DFA0C822361294100189515 /* SwipingController.swift in Sources */ = {isa = PBXBuildFile; fileRef = 0DFA0C812361294100189515 /* SwipingController.swift */; };
		0DFA0C842362225F00189515 /* PageCell.swift in Sources */ = {isa = PBXBuildFile; fileRef = 0DFA0C832362225F00189515 /* PageCell.swift */; };
		7E9EA3A91B0B31B2F73C544A /* Pods_Civit.framework in Frameworks */ = {isa = PBXBuildFile; fileRef = 4B822AAE48068FD9FADB21A5 /* Pods_Civit.framework */; };
		9606255223783C1C00D1C807 /* HomePageController.swift in Sources */ = {isa = PBXBuildFile; fileRef = 9606255123783C1C00D1C807 /* HomePageController.swift */; };
		9606255423783DA200D1C807 /* BaseListController.swift in Sources */ = {isa = PBXBuildFile; fileRef = 9606255323783DA200D1C807 /* BaseListController.swift */; };
		9606255723783FC400D1C807 /* HomeGroupCell.swift in Sources */ = {isa = PBXBuildFile; fileRef = 9606255623783FC400D1C807 /* HomeGroupCell.swift */; };
		9606256023784D1200D1C807 /* Extensions.swift in Sources */ = {isa = PBXBuildFile; fileRef = 9606255D23784D1200D1C807 /* Extensions.swift */; };
		9606256123784D1200D1C807 /* UIView+Layout.swift in Sources */ = {isa = PBXBuildFile; fileRef = 9606255E23784D1200D1C807 /* UIView+Layout.swift */; };
		9606256223784D1200D1C807 /* VerticalStackView.swift in Sources */ = {isa = PBXBuildFile; fileRef = 9606255F23784D1200D1C807 /* VerticalStackView.swift */; };
		962CFB4D235E86B200715378 /* AppDelegate.swift in Sources */ = {isa = PBXBuildFile; fileRef = 962CFB4C235E86B200715378 /* AppDelegate.swift */; };
		962CFB4F235E86B200715378 /* SceneDelegate.swift in Sources */ = {isa = PBXBuildFile; fileRef = 962CFB4E235E86B200715378 /* SceneDelegate.swift */; };
		962CFB51235E86B200715378 /* ViewController.swift in Sources */ = {isa = PBXBuildFile; fileRef = 962CFB50235E86B200715378 /* ViewController.swift */; };
		962CFB54235E86B200715378 /* Main.storyboard in Resources */ = {isa = PBXBuildFile; fileRef = 962CFB52235E86B200715378 /* Main.storyboard */; };
		962CFB56235E86B300715378 /* Assets.xcassets in Resources */ = {isa = PBXBuildFile; fileRef = 962CFB55235E86B300715378 /* Assets.xcassets */; };
		962CFB59235E86B300715378 /* LaunchScreen.storyboard in Resources */ = {isa = PBXBuildFile; fileRef = 962CFB57235E86B300715378 /* LaunchScreen.storyboard */; };
		963D04DF23823F5D00FDD035 /* KeyPlayerFullscreenHeaderCell.swift in Sources */ = {isa = PBXBuildFile; fileRef = 963D04DE23823F5D00FDD035 /* KeyPlayerFullscreenHeaderCell.swift */; };
		964C78D12378F2EA0087969B /* HomeRowCell.swift in Sources */ = {isa = PBXBuildFile; fileRef = 964C78D02378F2EA0087969B /* HomeRowCell.swift */; };
		964C78D3237972010087969B /* HomePageHeader.swift in Sources */ = {isa = PBXBuildFile; fileRef = 964C78D2237972010087969B /* HomePageHeader.swift */; };
		964C78D523797AFE0087969B /* HomeHeaderHorizontalController.swift in Sources */ = {isa = PBXBuildFile; fileRef = 964C78D423797AFE0087969B /* HomeHeaderHorizontalController.swift */; };
		964C78D723797CDA0087969B /* HomeHeaderCell.swift in Sources */ = {isa = PBXBuildFile; fileRef = 964C78D623797CDA0087969B /* HomeHeaderCell.swift */; };
		964C78DE237989250087969B /* HomeGroup.swift in Sources */ = {isa = PBXBuildFile; fileRef = 964C78DD237989250087969B /* HomeGroup.swift */; };
		966FB973237D735000370940 /* APIService.swift in Sources */ = {isa = PBXBuildFile; fileRef = 966FB972237D735000370940 /* APIService.swift */; };
		9688D4A8237C1D9700E2E577 /* SocialApp.swift in Sources */ = {isa = PBXBuildFile; fileRef = 9688D4A7237C1D9700E2E577 /* SocialApp.swift */; };
		969C1E37236F0E5F00EACD2D /* BaseTabBarController.swift in Sources */ = {isa = PBXBuildFile; fileRef = 969C1E36236F0E5F00EACD2D /* BaseTabBarController.swift */; };
		96B8A5AC238057B0004468AB /* HorizontalSnappingController.swift in Sources */ = {isa = PBXBuildFile; fileRef = 96B8A5AB238057B0004468AB /* HorizontalSnappingController.swift */; };
		96B8A5AE238060C3004468AB /* BetterSnappingLayout.swift in Sources */ = {isa = PBXBuildFile; fileRef = 96B8A5AD238060C3004468AB /* BetterSnappingLayout.swift */; };
		96B8A5B123809589004468AB /* ArticleDetailsController.swift in Sources */ = {isa = PBXBuildFile; fileRef = 96B8A5B023809589004468AB /* ArticleDetailsController.swift */; };
		96BA6BB923670599001A1112 /* Roboto-MediumItalic.ttf in Resources */ = {isa = PBXBuildFile; fileRef = 96BA6BAD23670598001A1112 /* Roboto-MediumItalic.ttf */; };
		96BA6BBA23670599001A1112 /* Roboto-Medium.ttf in Resources */ = {isa = PBXBuildFile; fileRef = 96BA6BAE23670598001A1112 /* Roboto-Medium.ttf */; };
		96BA6BBB23670599001A1112 /* Roboto-Bold.ttf in Resources */ = {isa = PBXBuildFile; fileRef = 96BA6BAF23670598001A1112 /* Roboto-Bold.ttf */; };
		96BA6BBC23670599001A1112 /* Roboto-ThinItalic.ttf in Resources */ = {isa = PBXBuildFile; fileRef = 96BA6BB023670598001A1112 /* Roboto-ThinItalic.ttf */; };
		96BA6BBD23670599001A1112 /* Roboto-Black.ttf in Resources */ = {isa = PBXBuildFile; fileRef = 96BA6BB123670598001A1112 /* Roboto-Black.ttf */; };
		96BA6BBE23670599001A1112 /* Roboto-LightItalic.ttf in Resources */ = {isa = PBXBuildFile; fileRef = 96BA6BB223670598001A1112 /* Roboto-LightItalic.ttf */; };
		96BA6BBF23670599001A1112 /* Roboto-Thin.ttf in Resources */ = {isa = PBXBuildFile; fileRef = 96BA6BB323670598001A1112 /* Roboto-Thin.ttf */; };
		96BA6BC023670599001A1112 /* Roboto-Italic.ttf in Resources */ = {isa = PBXBuildFile; fileRef = 96BA6BB423670598001A1112 /* Roboto-Italic.ttf */; };
		96BA6BC123670599001A1112 /* Roboto-BoldItalic.ttf in Resources */ = {isa = PBXBuildFile; fileRef = 96BA6BB523670599001A1112 /* Roboto-BoldItalic.ttf */; };
		96BA6BC223670599001A1112 /* Roboto-Regular.ttf in Resources */ = {isa = PBXBuildFile; fileRef = 96BA6BB623670599001A1112 /* Roboto-Regular.ttf */; };
		96BA6BC323670599001A1112 /* Roboto-BlackItalic.ttf in Resources */ = {isa = PBXBuildFile; fileRef = 96BA6BB723670599001A1112 /* Roboto-BlackItalic.ttf */; };
		96BA6BC423670599001A1112 /* Roboto-Light.ttf in Resources */ = {isa = PBXBuildFile; fileRef = 96BA6BB823670599001A1112 /* Roboto-Light.ttf */; };
		96BA6BC623670CF1001A1112 /* fonts.swift in Sources */ = {isa = PBXBuildFile; fileRef = 96BA6BC523670CF1001A1112 /* fonts.swift */; };
		96CC45C02378A0EF0042F3C8 /* HomeHorizontalController.swift in Sources */ = {isa = PBXBuildFile; fileRef = 96CC45BF2378A0EF0042F3C8 /* HomeHorizontalController.swift */; };
		96D4CD392381D794007BBA91 /* KeyPlayersControler.swift in Sources */ = {isa = PBXBuildFile; fileRef = 96D4CD382381D794007BBA91 /* KeyPlayersControler.swift */; };
		96D4CD3C2381D8CE007BBA91 /* KeyPlayersCell.swift in Sources */ = {isa = PBXBuildFile; fileRef = 96D4CD3B2381D8CE007BBA91 /* KeyPlayersCell.swift */; };
		96D4CD402381F06F007BBA91 /* KeyPlayersFullScreenController.swift in Sources */ = {isa = PBXBuildFile; fileRef = 96D4CD3F2381F06F007BBA91 /* KeyPlayersFullScreenController.swift */; };
		96D4CD422381FEE3007BBA91 /* KeyPlayersFullScreenDescriptionCell.swift in Sources */ = {isa = PBXBuildFile; fileRef = 96D4CD412381FEE3007BBA91 /* KeyPlayersFullScreenDescriptionCell.swift */; };
/* End PBXBuildFile section */

/* Begin PBXFileReference section */
		0DB87D352364B52500059DC8 /* Page.swift */ = {isa = PBXFileReference; lastKnownFileType = sourcecode.swift; path = Page.swift; sourceTree = "<group>"; };
		0DB87D3A2364DF7800059DC8 /* colors.swift */ = {isa = PBXFileReference; lastKnownFileType = sourcecode.swift; path = colors.swift; sourceTree = "<group>"; };
		0DFA0C812361294100189515 /* SwipingController.swift */ = {isa = PBXFileReference; lastKnownFileType = sourcecode.swift; path = SwipingController.swift; sourceTree = "<group>"; };
		0DFA0C832362225F00189515 /* PageCell.swift */ = {isa = PBXFileReference; lastKnownFileType = sourcecode.swift; path = PageCell.swift; sourceTree = "<group>"; };
		4B822AAE48068FD9FADB21A5 /* Pods_Civit.framework */ = {isa = PBXFileReference; explicitFileType = wrapper.framework; includeInIndex = 0; path = Pods_Civit.framework; sourceTree = BUILT_PRODUCTS_DIR; };
		75AFFC14D5D30D5491ABEDBE /* Pods-Civit.release.xcconfig */ = {isa = PBXFileReference; includeInIndex = 1; lastKnownFileType = text.xcconfig; name = "Pods-Civit.release.xcconfig"; path = "Target Support Files/Pods-Civit/Pods-Civit.release.xcconfig"; sourceTree = "<group>"; };
		9606255123783C1C00D1C807 /* HomePageController.swift */ = {isa = PBXFileReference; lastKnownFileType = sourcecode.swift; path = HomePageController.swift; sourceTree = "<group>"; };
		9606255323783DA200D1C807 /* BaseListController.swift */ = {isa = PBXFileReference; lastKnownFileType = sourcecode.swift; path = BaseListController.swift; sourceTree = "<group>"; };
		9606255623783FC400D1C807 /* HomeGroupCell.swift */ = {isa = PBXFileReference; lastKnownFileType = sourcecode.swift; path = HomeGroupCell.swift; sourceTree = "<group>"; };
		9606255D23784D1200D1C807 /* Extensions.swift */ = {isa = PBXFileReference; fileEncoding = 4; lastKnownFileType = sourcecode.swift; path = Extensions.swift; sourceTree = "<group>"; };
		9606255E23784D1200D1C807 /* UIView+Layout.swift */ = {isa = PBXFileReference; fileEncoding = 4; lastKnownFileType = sourcecode.swift; path = "UIView+Layout.swift"; sourceTree = "<group>"; };
		9606255F23784D1200D1C807 /* VerticalStackView.swift */ = {isa = PBXFileReference; fileEncoding = 4; lastKnownFileType = sourcecode.swift; path = VerticalStackView.swift; sourceTree = "<group>"; };
		962CFB49235E86B200715378 /* Civit.app */ = {isa = PBXFileReference; explicitFileType = wrapper.application; includeInIndex = 0; path = Civit.app; sourceTree = BUILT_PRODUCTS_DIR; };
		962CFB4C235E86B200715378 /* AppDelegate.swift */ = {isa = PBXFileReference; lastKnownFileType = sourcecode.swift; path = AppDelegate.swift; sourceTree = "<group>"; };
		962CFB4E235E86B200715378 /* SceneDelegate.swift */ = {isa = PBXFileReference; lastKnownFileType = sourcecode.swift; path = SceneDelegate.swift; sourceTree = "<group>"; };
		962CFB50235E86B200715378 /* ViewController.swift */ = {isa = PBXFileReference; lastKnownFileType = sourcecode.swift; path = ViewController.swift; sourceTree = "<group>"; };
		962CFB53235E86B200715378 /* Base */ = {isa = PBXFileReference; lastKnownFileType = file.storyboard; name = Base; path = Base.lproj/Main.storyboard; sourceTree = "<group>"; };
		962CFB55235E86B300715378 /* Assets.xcassets */ = {isa = PBXFileReference; lastKnownFileType = folder.assetcatalog; path = Assets.xcassets; sourceTree = "<group>"; };
		962CFB58235E86B300715378 /* Base */ = {isa = PBXFileReference; lastKnownFileType = file.storyboard; name = Base; path = Base.lproj/LaunchScreen.storyboard; sourceTree = "<group>"; };
		962CFB5A235E86B300715378 /* Info.plist */ = {isa = PBXFileReference; lastKnownFileType = text.plist.xml; path = Info.plist; sourceTree = "<group>"; };
		963D04DE23823F5D00FDD035 /* KeyPlayerFullscreenHeaderCell.swift */ = {isa = PBXFileReference; lastKnownFileType = sourcecode.swift; path = KeyPlayerFullscreenHeaderCell.swift; sourceTree = "<group>"; };
		964C78D02378F2EA0087969B /* HomeRowCell.swift */ = {isa = PBXFileReference; lastKnownFileType = sourcecode.swift; path = HomeRowCell.swift; sourceTree = "<group>"; };
		964C78D2237972010087969B /* HomePageHeader.swift */ = {isa = PBXFileReference; lastKnownFileType = sourcecode.swift; path = HomePageHeader.swift; sourceTree = "<group>"; };
		964C78D423797AFE0087969B /* HomeHeaderHorizontalController.swift */ = {isa = PBXFileReference; lastKnownFileType = sourcecode.swift; path = HomeHeaderHorizontalController.swift; sourceTree = "<group>"; };
		964C78D623797CDA0087969B /* HomeHeaderCell.swift */ = {isa = PBXFileReference; lastKnownFileType = sourcecode.swift; path = HomeHeaderCell.swift; sourceTree = "<group>"; };
		964C78DD237989250087969B /* HomeGroup.swift */ = {isa = PBXFileReference; lastKnownFileType = sourcecode.swift; path = HomeGroup.swift; sourceTree = "<group>"; };
		966FB972237D735000370940 /* APIService.swift */ = {isa = PBXFileReference; lastKnownFileType = sourcecode.swift; path = APIService.swift; sourceTree = "<group>"; };
		9688D4A7237C1D9700E2E577 /* SocialApp.swift */ = {isa = PBXFileReference; lastKnownFileType = sourcecode.swift; path = SocialApp.swift; sourceTree = "<group>"; };
		969C1E36236F0E5F00EACD2D /* BaseTabBarController.swift */ = {isa = PBXFileReference; lastKnownFileType = sourcecode.swift; path = BaseTabBarController.swift; sourceTree = "<group>"; };
		96B8A5AB238057B0004468AB /* HorizontalSnappingController.swift */ = {isa = PBXFileReference; lastKnownFileType = sourcecode.swift; path = HorizontalSnappingController.swift; sourceTree = "<group>"; };
		96B8A5AD238060C3004468AB /* BetterSnappingLayout.swift */ = {isa = PBXFileReference; lastKnownFileType = sourcecode.swift; path = BetterSnappingLayout.swift; sourceTree = "<group>"; };
		96B8A5B023809589004468AB /* ArticleDetailsController.swift */ = {isa = PBXFileReference; lastKnownFileType = sourcecode.swift; path = ArticleDetailsController.swift; sourceTree = "<group>"; };
		96BA6BAD23670598001A1112 /* Roboto-MediumItalic.ttf */ = {isa = PBXFileReference; lastKnownFileType = file; path = "Roboto-MediumItalic.ttf"; sourceTree = "<group>"; };
		96BA6BAE23670598001A1112 /* Roboto-Medium.ttf */ = {isa = PBXFileReference; lastKnownFileType = file; path = "Roboto-Medium.ttf"; sourceTree = "<group>"; };
		96BA6BAF23670598001A1112 /* Roboto-Bold.ttf */ = {isa = PBXFileReference; lastKnownFileType = file; path = "Roboto-Bold.ttf"; sourceTree = "<group>"; };
		96BA6BB023670598001A1112 /* Roboto-ThinItalic.ttf */ = {isa = PBXFileReference; lastKnownFileType = file; path = "Roboto-ThinItalic.ttf"; sourceTree = "<group>"; };
		96BA6BB123670598001A1112 /* Roboto-Black.ttf */ = {isa = PBXFileReference; lastKnownFileType = file; path = "Roboto-Black.ttf"; sourceTree = "<group>"; };
		96BA6BB223670598001A1112 /* Roboto-LightItalic.ttf */ = {isa = PBXFileReference; lastKnownFileType = file; path = "Roboto-LightItalic.ttf"; sourceTree = "<group>"; };
		96BA6BB323670598001A1112 /* Roboto-Thin.ttf */ = {isa = PBXFileReference; lastKnownFileType = file; path = "Roboto-Thin.ttf"; sourceTree = "<group>"; };
		96BA6BB423670598001A1112 /* Roboto-Italic.ttf */ = {isa = PBXFileReference; lastKnownFileType = file; path = "Roboto-Italic.ttf"; sourceTree = "<group>"; };
		96BA6BB523670599001A1112 /* Roboto-BoldItalic.ttf */ = {isa = PBXFileReference; lastKnownFileType = file; path = "Roboto-BoldItalic.ttf"; sourceTree = "<group>"; };
		96BA6BB623670599001A1112 /* Roboto-Regular.ttf */ = {isa = PBXFileReference; lastKnownFileType = file; path = "Roboto-Regular.ttf"; sourceTree = "<group>"; };
		96BA6BB723670599001A1112 /* Roboto-BlackItalic.ttf */ = {isa = PBXFileReference; lastKnownFileType = file; path = "Roboto-BlackItalic.ttf"; sourceTree = "<group>"; };
		96BA6BB823670599001A1112 /* Roboto-Light.ttf */ = {isa = PBXFileReference; lastKnownFileType = file; path = "Roboto-Light.ttf"; sourceTree = "<group>"; };
		96BA6BC523670CF1001A1112 /* fonts.swift */ = {isa = PBXFileReference; lastKnownFileType = sourcecode.swift; path = fonts.swift; sourceTree = "<group>"; };
		96CC45BF2378A0EF0042F3C8 /* HomeHorizontalController.swift */ = {isa = PBXFileReference; lastKnownFileType = sourcecode.swift; path = HomeHorizontalController.swift; sourceTree = "<group>"; };
		96D4CD382381D794007BBA91 /* KeyPlayersControler.swift */ = {isa = PBXFileReference; lastKnownFileType = sourcecode.swift; path = KeyPlayersControler.swift; sourceTree = "<group>"; };
		96D4CD3B2381D8CE007BBA91 /* KeyPlayersCell.swift */ = {isa = PBXFileReference; lastKnownFileType = sourcecode.swift; path = KeyPlayersCell.swift; sourceTree = "<group>"; };
		96D4CD3F2381F06F007BBA91 /* KeyPlayersFullScreenController.swift */ = {isa = PBXFileReference; lastKnownFileType = sourcecode.swift; path = KeyPlayersFullScreenController.swift; sourceTree = "<group>"; };
		96D4CD412381FEE3007BBA91 /* KeyPlayersFullScreenDescriptionCell.swift */ = {isa = PBXFileReference; lastKnownFileType = sourcecode.swift; path = KeyPlayersFullScreenDescriptionCell.swift; sourceTree = "<group>"; };
		CBCFB16769E07DBEA0B2592F /* Pods-Civit.debug.xcconfig */ = {isa = PBXFileReference; includeInIndex = 1; lastKnownFileType = text.xcconfig; name = "Pods-Civit.debug.xcconfig"; path = "Target Support Files/Pods-Civit/Pods-Civit.debug.xcconfig"; sourceTree = "<group>"; };
/* End PBXFileReference section */

/* Begin PBXFrameworksBuildPhase section */
		962CFB46235E86B200715378 /* Frameworks */ = {
			isa = PBXFrameworksBuildPhase;
			buildActionMask = 2147483647;
			files = (
				7E9EA3A91B0B31B2F73C544A /* Pods_Civit.framework in Frameworks */,
			);
			runOnlyForDeploymentPostprocessing = 0;
		};
/* End PBXFrameworksBuildPhase section */

/* Begin PBXGroup section */
		0DB87D342364B51000059DC8 /* Model */ = {
			isa = PBXGroup;
			children = (
				0DB87D352364B52500059DC8 /* Page.swift */,
				964C78DD237989250087969B /* HomeGroup.swift */,
				9688D4A7237C1D9700E2E577 /* SocialApp.swift */,
			);
			path = Model;
			sourceTree = "<group>";
		};
		0DB87D372364D9EA00059DC8 /* VIewModel */ = {
			isa = PBXGroup;
			children = (
				96D4CD372381D77E007BBA91 /* KeyPlayers */,
				9606255023783BFC00D1C807 /* Home */,
				0DFA0C812361294100189515 /* SwipingController.swift */,
				9606255323783DA200D1C807 /* BaseListController.swift */,
				96B8A5AB238057B0004468AB /* HorizontalSnappingController.swift */,
			);
			path = VIewModel;
			sourceTree = "<group>";
		};
		0DB87D382364DC0D00059DC8 /* View */ = {
			isa = PBXGroup;
			children = (
				96D4CD3A2381D8B9007BBA91 /* KeyPlayers */,
				9606255523783F8B00D1C807 /* Home */,
				0DFA0C832362225F00189515 /* PageCell.swift */,
				969C1E36236F0E5F00EACD2D /* BaseTabBarController.swift */,
			);
			path = View;
			sourceTree = "<group>";
		};
		0DB87D392364DF6700059DC8 /* Utilities */ = {
			isa = PBXGroup;
			children = (
				9606255C23784D1200D1C807 /* Helpers */,
				96BA6BAC23670585001A1112 /* Resources */,
				0DB87D3A2364DF7800059DC8 /* colors.swift */,
				96BA6BC523670CF1001A1112 /* fonts.swift */,
			);
			path = Utilities;
			sourceTree = "<group>";
		};
		2F4477484F286979EBA93E3D /* Frameworks */ = {
			isa = PBXGroup;
			children = (
				4B822AAE48068FD9FADB21A5 /* Pods_Civit.framework */,
			);
			name = Frameworks;
			sourceTree = "<group>";
		};
		3047EBB90BA24F76E23206F5 /* Pods */ = {
			isa = PBXGroup;
			children = (
				CBCFB16769E07DBEA0B2592F /* Pods-Civit.debug.xcconfig */,
				75AFFC14D5D30D5491ABEDBE /* Pods-Civit.release.xcconfig */,
			);
			path = Pods;
			sourceTree = "<group>";
		};
		9606255023783BFC00D1C807 /* Home */ = {
			isa = PBXGroup;
			children = (
				96B8A5AF23809515004468AB /* ArticleDetails */,
				9606255123783C1C00D1C807 /* HomePageController.swift */,
				96CC45BF2378A0EF0042F3C8 /* HomeHorizontalController.swift */,
				964C78D423797AFE0087969B /* HomeHeaderHorizontalController.swift */,
				964C78D02378F2EA0087969B /* HomeRowCell.swift */,
				964C78D623797CDA0087969B /* HomeHeaderCell.swift */,
			);
			path = Home;
			sourceTree = "<group>";
		};
		9606255523783F8B00D1C807 /* Home */ = {
			isa = PBXGroup;
			children = (
				9606255623783FC400D1C807 /* HomeGroupCell.swift */,
				964C78D2237972010087969B /* HomePageHeader.swift */,
			);
			path = Home;
			sourceTree = "<group>";
		};
		9606255C23784D1200D1C807 /* Helpers */ = {
			isa = PBXGroup;
			children = (
				9606255D23784D1200D1C807 /* Extensions.swift */,
				9606255E23784D1200D1C807 /* UIView+Layout.swift */,
				9606255F23784D1200D1C807 /* VerticalStackView.swift */,
				96B8A5AD238060C3004468AB /* BetterSnappingLayout.swift */,
			);
			path = Helpers;
			sourceTree = "<group>";
		};
		962CFB40235E86B200715378 = {
			isa = PBXGroup;
			children = (
				96DA0C552392FBD10035F525 /* Data */,
				962CFB4B235E86B200715378 /* Civit */,
				962CFB4A235E86B200715378 /* Products */,
				3047EBB90BA24F76E23206F5 /* Pods */,
				2F4477484F286979EBA93E3D /* Frameworks */,
			);
			sourceTree = "<group>";
		};
		962CFB4A235E86B200715378 /* Products */ = {
			isa = PBXGroup;
			children = (
				962CFB49235E86B200715378 /* Civit.app */,
			);
			name = Products;
			sourceTree = "<group>";
		};
		962CFB4B235E86B200715378 /* Civit */ = {
			isa = PBXGroup;
			children = (
				966FB971237D734400370940 /* Service */,
				0DB87D392364DF6700059DC8 /* Utilities */,
				0DB87D382364DC0D00059DC8 /* View */,
				0DB87D372364D9EA00059DC8 /* VIewModel */,
				0DB87D342364B51000059DC8 /* Model */,
				962CFB4C235E86B200715378 /* AppDelegate.swift */,
				962CFB4E235E86B200715378 /* SceneDelegate.swift */,
				962CFB50235E86B200715378 /* ViewController.swift */,
				962CFB52235E86B200715378 /* Main.storyboard */,
				962CFB55235E86B300715378 /* Assets.xcassets */,
				962CFB57235E86B300715378 /* LaunchScreen.storyboard */,
				962CFB5A235E86B300715378 /* Info.plist */,
			);
			path = Civit;
			sourceTree = "<group>";
		};
		966FB971237D734400370940 /* Service */ = {
			isa = PBXGroup;
			children = (
				966FB972237D735000370940 /* APIService.swift */,
			);
			path = Service;
			sourceTree = "<group>";
		};
		96B8A5AF23809515004468AB /* ArticleDetails */ = {
			isa = PBXGroup;
			children = (
				96B8A5B023809589004468AB /* ArticleDetailsController.swift */,
			);
			path = ArticleDetails;
			sourceTree = "<group>";
		};
		96BA6BAC23670585001A1112 /* Resources */ = {
			isa = PBXGroup;
			children = (
				96BA6BB123670598001A1112 /* Roboto-Black.ttf */,
				96BA6BB723670599001A1112 /* Roboto-BlackItalic.ttf */,
				96BA6BAF23670598001A1112 /* Roboto-Bold.ttf */,
				96BA6BB523670599001A1112 /* Roboto-BoldItalic.ttf */,
				96BA6BB423670598001A1112 /* Roboto-Italic.ttf */,
				96BA6BB823670599001A1112 /* Roboto-Light.ttf */,
				96BA6BB223670598001A1112 /* Roboto-LightItalic.ttf */,
				96BA6BAE23670598001A1112 /* Roboto-Medium.ttf */,
				96BA6BAD23670598001A1112 /* Roboto-MediumItalic.ttf */,
				96BA6BB623670599001A1112 /* Roboto-Regular.ttf */,
				96BA6BB323670598001A1112 /* Roboto-Thin.ttf */,
				96BA6BB023670598001A1112 /* Roboto-ThinItalic.ttf */,
			);
			path = Resources;
			sourceTree = "<group>";
		};
		96D4CD372381D77E007BBA91 /* KeyPlayers */ = {
			isa = PBXGroup;
			children = (
				96D4CD382381D794007BBA91 /* KeyPlayersControler.swift */,
				96D4CD3F2381F06F007BBA91 /* KeyPlayersFullScreenController.swift */,
				963D04DE23823F5D00FDD035 /* KeyPlayerFullscreenHeaderCell.swift */,
			);
			path = KeyPlayers;
			sourceTree = "<group>";
		};
		96D4CD3A2381D8B9007BBA91 /* KeyPlayers */ = {
			isa = PBXGroup;
			children = (
				96D4CD3B2381D8CE007BBA91 /* KeyPlayersCell.swift */,
				96D4CD412381FEE3007BBA91 /* KeyPlayersFullScreenDescriptionCell.swift */,
			);
			path = KeyPlayers;
			sourceTree = "<group>";
		};
		96DA0C552392FBD10035F525 /* Data */ = {
			isa = PBXGroup;
			children = (
			);
			path = Data;
			sourceTree = "<group>";
		};
/* End PBXGroup section */

/* Begin PBXNativeTarget section */
		962CFB48235E86B200715378 /* Civit */ = {
			isa = PBXNativeTarget;
			buildConfigurationList = 962CFB5D235E86B300715378 /* Build configuration list for PBXNativeTarget "Civit" */;
			buildPhases = (
				E723AD572E5C3FABEF9A02EB /* [CP] Check Pods Manifest.lock */,
				962CFB45235E86B200715378 /* Sources */,
				962CFB46235E86B200715378 /* Frameworks */,
				962CFB47235E86B200715378 /* Resources */,
				B338145D5ADCDD0832FC9BB0 /* [CP] Embed Pods Frameworks */,
			);
			buildRules = (
			);
			dependencies = (
			);
			name = Civit;
			productName = Civit;
			productReference = 962CFB49235E86B200715378 /* Civit.app */;
			productType = "com.apple.product-type.application";
		};
/* End PBXNativeTarget section */

/* Begin PBXProject section */
		962CFB41235E86B200715378 /* Project object */ = {
			isa = PBXProject;
			attributes = {
				LastSwiftUpdateCheck = 1110;
				LastUpgradeCheck = 1110;
				ORGANIZATIONNAME = nishant;
				TargetAttributes = {
					962CFB48235E86B200715378 = {
						CreatedOnToolsVersion = 11.1;
					};
				};
			};
			buildConfigurationList = 962CFB44235E86B200715378 /* Build configuration list for PBXProject "Civit" */;
			compatibilityVersion = "Xcode 9.3";
			developmentRegion = en;
			hasScannedForEncodings = 0;
			knownRegions = (
				en,
				Base,
			);
			mainGroup = 962CFB40235E86B200715378;
			productRefGroup = 962CFB4A235E86B200715378 /* Products */;
			projectDirPath = "";
			projectRoot = "";
			targets = (
				962CFB48235E86B200715378 /* Civit */,
			);
		};
/* End PBXProject section */

/* Begin PBXResourcesBuildPhase section */
		962CFB47235E86B200715378 /* Resources */ = {
			isa = PBXResourcesBuildPhase;
			buildActionMask = 2147483647;
			files = (
				96BA6BBA23670599001A1112 /* Roboto-Medium.ttf in Resources */,
				96BA6BB923670599001A1112 /* Roboto-MediumItalic.ttf in Resources */,
				96BA6BC423670599001A1112 /* Roboto-Light.ttf in Resources */,
				96BA6BBB23670599001A1112 /* Roboto-Bold.ttf in Resources */,
				96BA6BC323670599001A1112 /* Roboto-BlackItalic.ttf in Resources */,
				96BA6BBD23670599001A1112 /* Roboto-Black.ttf in Resources */,
				96BA6BBC23670599001A1112 /* Roboto-ThinItalic.ttf in Resources */,
				96BA6BBE23670599001A1112 /* Roboto-LightItalic.ttf in Resources */,
				96BA6BC123670599001A1112 /* Roboto-BoldItalic.ttf in Resources */,
				962CFB59235E86B300715378 /* LaunchScreen.storyboard in Resources */,
				962CFB56235E86B300715378 /* Assets.xcassets in Resources */,
				96BA6BBF23670599001A1112 /* Roboto-Thin.ttf in Resources */,
				96BA6BC223670599001A1112 /* Roboto-Regular.ttf in Resources */,
				96BA6BC023670599001A1112 /* Roboto-Italic.ttf in Resources */,
				962CFB54235E86B200715378 /* Main.storyboard in Resources */,
			);
			runOnlyForDeploymentPostprocessing = 0;
		};
/* End PBXResourcesBuildPhase section */

/* Begin PBXShellScriptBuildPhase section */
		B338145D5ADCDD0832FC9BB0 /* [CP] Embed Pods Frameworks */ = {
			isa = PBXShellScriptBuildPhase;
			buildActionMask = 2147483647;
			files = (
			);
			inputFileListPaths = (
				"${PODS_ROOT}/Target Support Files/Pods-Civit/Pods-Civit-frameworks-${CONFIGURATION}-input-files.xcfilelist",
			);
			name = "[CP] Embed Pods Frameworks";
			outputFileListPaths = (
				"${PODS_ROOT}/Target Support Files/Pods-Civit/Pods-Civit-frameworks-${CONFIGURATION}-output-files.xcfilelist",
			);
			runOnlyForDeploymentPostprocessing = 0;
			shellPath = /bin/sh;
			shellScript = "\"${PODS_ROOT}/Target Support Files/Pods-Civit/Pods-Civit-frameworks.sh\"\n";
			showEnvVarsInLog = 0;
		};
		E723AD572E5C3FABEF9A02EB /* [CP] Check Pods Manifest.lock */ = {
			isa = PBXShellScriptBuildPhase;
			buildActionMask = 2147483647;
			files = (
			);
			inputFileListPaths = (
			);
			inputPaths = (
				"${PODS_PODFILE_DIR_PATH}/Podfile.lock",
				"${PODS_ROOT}/Manifest.lock",
			);
			name = "[CP] Check Pods Manifest.lock";
			outputFileListPaths = (
			);
			outputPaths = (
				"$(DERIVED_FILE_DIR)/Pods-Civit-checkManifestLockResult.txt",
			);
			runOnlyForDeploymentPostprocessing = 0;
			shellPath = /bin/sh;
			shellScript = "diff \"${PODS_PODFILE_DIR_PATH}/Podfile.lock\" \"${PODS_ROOT}/Manifest.lock\" > /dev/null\nif [ $? != 0 ] ; then\n    # print error to STDERR\n    echo \"error: The sandbox is not in sync with the Podfile.lock. Run 'pod install' or update your CocoaPods installation.\" >&2\n    exit 1\nfi\n# This output is used by Xcode 'outputs' to avoid re-running this script phase.\necho \"SUCCESS\" > \"${SCRIPT_OUTPUT_FILE_0}\"\n";
			showEnvVarsInLog = 0;
		};
/* End PBXShellScriptBuildPhase section */

/* Begin PBXSourcesBuildPhase section */
		962CFB45235E86B200715378 /* Sources */ = {
			isa = PBXSourcesBuildPhase;
			buildActionMask = 2147483647;
			files = (
				96D4CD402381F06F007BBA91 /* KeyPlayersFullScreenController.swift in Sources */,
				9688D4A8237C1D9700E2E577 /* SocialApp.swift in Sources */,
				964C78D3237972010087969B /* HomePageHeader.swift in Sources */,
				96CC45C02378A0EF0042F3C8 /* HomeHorizontalController.swift in Sources */,
				964C78D523797AFE0087969B /* HomeHeaderHorizontalController.swift in Sources */,
				96D4CD3C2381D8CE007BBA91 /* KeyPlayersCell.swift in Sources */,
				96BA6BC623670CF1001A1112 /* fonts.swift in Sources */,
				964C78D12378F2EA0087969B /* HomeRowCell.swift in Sources */,
				0DFA0C822361294100189515 /* SwipingController.swift in Sources */,
				969C1E37236F0E5F00EACD2D /* BaseTabBarController.swift in Sources */,
				0DFA0C842362225F00189515 /* PageCell.swift in Sources */,
				9606256223784D1200D1C807 /* VerticalStackView.swift in Sources */,
				9606255723783FC400D1C807 /* HomeGroupCell.swift in Sources */,
				96B8A5B123809589004468AB /* ArticleDetailsController.swift in Sources */,
				9606255223783C1C00D1C807 /* HomePageController.swift in Sources */,
				96B8A5AE238060C3004468AB /* BetterSnappingLayout.swift in Sources */,
				96D4CD422381FEE3007BBA91 /* KeyPlayersFullScreenDescriptionCell.swift in Sources */,
				963D04DF23823F5D00FDD035 /* KeyPlayerFullscreenHeaderCell.swift in Sources */,
				9606255423783DA200D1C807 /* BaseListController.swift in Sources */,
				0DB87D3B2364DF7800059DC8 /* colors.swift in Sources */,
				964C78D723797CDA0087969B /* HomeHeaderCell.swift in Sources */,
				9606256023784D1200D1C807 /* Extensions.swift in Sources */,
				964C78DE237989250087969B /* HomeGroup.swift in Sources */,
				0DB87D362364B52500059DC8 /* Page.swift in Sources */,
				966FB973237D735000370940 /* APIService.swift in Sources */,
				962CFB51235E86B200715378 /* ViewController.swift in Sources */,
				962CFB4D235E86B200715378 /* AppDelegate.swift in Sources */,
				9606256123784D1200D1C807 /* UIView+Layout.swift in Sources */,
				96D4CD392381D794007BBA91 /* KeyPlayersControler.swift in Sources */,
				962CFB4F235E86B200715378 /* SceneDelegate.swift in Sources */,
				96B8A5AC238057B0004468AB /* HorizontalSnappingController.swift in Sources */,
			);
			runOnlyForDeploymentPostprocessing = 0;
		};
/* End PBXSourcesBuildPhase section */

/* Begin PBXVariantGroup section */
		962CFB52235E86B200715378 /* Main.storyboard */ = {
			isa = PBXVariantGroup;
			children = (
				962CFB53235E86B200715378 /* Base */,
			);
			name = Main.storyboard;
			sourceTree = "<group>";
		};
		962CFB57235E86B300715378 /* LaunchScreen.storyboard */ = {
			isa = PBXVariantGroup;
			children = (
				962CFB58235E86B300715378 /* Base */,
			);
			name = LaunchScreen.storyboard;
			sourceTree = "<group>";
		};
/* End PBXVariantGroup section */

/* Begin XCBuildConfiguration section */
		962CFB5B235E86B300715378 /* Debug */ = {
			isa = XCBuildConfiguration;
			buildSettings = {
				ALWAYS_SEARCH_USER_PATHS = NO;
				CLANG_ANALYZER_NONNULL = YES;
				CLANG_ANALYZER_NUMBER_OBJECT_CONVERSION = YES_AGGRESSIVE;
				CLANG_CXX_LANGUAGE_STANDARD = "gnu++14";
				CLANG_CXX_LIBRARY = "libc++";
				CLANG_ENABLE_MODULES = YES;
				CLANG_ENABLE_OBJC_ARC = YES;
				CLANG_ENABLE_OBJC_WEAK = YES;
				CLANG_WARN_BLOCK_CAPTURE_AUTORELEASING = YES;
				CLANG_WARN_BOOL_CONVERSION = YES;
				CLANG_WARN_COMMA = YES;
				CLANG_WARN_CONSTANT_CONVERSION = YES;
				CLANG_WARN_DEPRECATED_OBJC_IMPLEMENTATIONS = YES;
				CLANG_WARN_DIRECT_OBJC_ISA_USAGE = YES_ERROR;
				CLANG_WARN_DOCUMENTATION_COMMENTS = YES;
				CLANG_WARN_EMPTY_BODY = YES;
				CLANG_WARN_ENUM_CONVERSION = YES;
				CLANG_WARN_INFINITE_RECURSION = YES;
				CLANG_WARN_INT_CONVERSION = YES;
				CLANG_WARN_NON_LITERAL_NULL_CONVERSION = YES;
				CLANG_WARN_OBJC_IMPLICIT_RETAIN_SELF = YES;
				CLANG_WARN_OBJC_LITERAL_CONVERSION = YES;
				CLANG_WARN_OBJC_ROOT_CLASS = YES_ERROR;
				CLANG_WARN_RANGE_LOOP_ANALYSIS = YES;
				CLANG_WARN_STRICT_PROTOTYPES = YES;
				CLANG_WARN_SUSPICIOUS_MOVE = YES;
				CLANG_WARN_UNGUARDED_AVAILABILITY = YES_AGGRESSIVE;
				CLANG_WARN_UNREACHABLE_CODE = YES;
				CLANG_WARN__DUPLICATE_METHOD_MATCH = YES;
				COPY_PHASE_STRIP = NO;
				DEBUG_INFORMATION_FORMAT = dwarf;
				ENABLE_STRICT_OBJC_MSGSEND = YES;
				ENABLE_TESTABILITY = YES;
				GCC_C_LANGUAGE_STANDARD = gnu11;
				GCC_DYNAMIC_NO_PIC = NO;
				GCC_NO_COMMON_BLOCKS = YES;
				GCC_OPTIMIZATION_LEVEL = 0;
				GCC_PREPROCESSOR_DEFINITIONS = (
					"DEBUG=1",
					"$(inherited)",
				);
				GCC_WARN_64_TO_32_BIT_CONVERSION = YES;
				GCC_WARN_ABOUT_RETURN_TYPE = YES_ERROR;
				GCC_WARN_UNDECLARED_SELECTOR = YES;
				GCC_WARN_UNINITIALIZED_AUTOS = YES_AGGRESSIVE;
				GCC_WARN_UNUSED_FUNCTION = YES;
				GCC_WARN_UNUSED_VARIABLE = YES;
				IPHONEOS_DEPLOYMENT_TARGET = 13.1;
				MTL_ENABLE_DEBUG_INFO = INCLUDE_SOURCE;
				MTL_FAST_MATH = YES;
				ONLY_ACTIVE_ARCH = YES;
				SDKROOT = iphoneos;
				SWIFT_ACTIVE_COMPILATION_CONDITIONS = DEBUG;
				SWIFT_OPTIMIZATION_LEVEL = "-Onone";
			};
			name = Debug;
		};
		962CFB5C235E86B300715378 /* Release */ = {
			isa = XCBuildConfiguration;
			buildSettings = {
				ALWAYS_SEARCH_USER_PATHS = NO;
				CLANG_ANALYZER_NONNULL = YES;
				CLANG_ANALYZER_NUMBER_OBJECT_CONVERSION = YES_AGGRESSIVE;
				CLANG_CXX_LANGUAGE_STANDARD = "gnu++14";
				CLANG_CXX_LIBRARY = "libc++";
				CLANG_ENABLE_MODULES = YES;
				CLANG_ENABLE_OBJC_ARC = YES;
				CLANG_ENABLE_OBJC_WEAK = YES;
				CLANG_WARN_BLOCK_CAPTURE_AUTORELEASING = YES;
				CLANG_WARN_BOOL_CONVERSION = YES;
				CLANG_WARN_COMMA = YES;
				CLANG_WARN_CONSTANT_CONVERSION = YES;
				CLANG_WARN_DEPRECATED_OBJC_IMPLEMENTATIONS = YES;
				CLANG_WARN_DIRECT_OBJC_ISA_USAGE = YES_ERROR;
				CLANG_WARN_DOCUMENTATION_COMMENTS = YES;
				CLANG_WARN_EMPTY_BODY = YES;
				CLANG_WARN_ENUM_CONVERSION = YES;
				CLANG_WARN_INFINITE_RECURSION = YES;
				CLANG_WARN_INT_CONVERSION = YES;
				CLANG_WARN_NON_LITERAL_NULL_CONVERSION = YES;
				CLANG_WARN_OBJC_IMPLICIT_RETAIN_SELF = YES;
				CLANG_WARN_OBJC_LITERAL_CONVERSION = YES;
				CLANG_WARN_OBJC_ROOT_CLASS = YES_ERROR;
				CLANG_WARN_RANGE_LOOP_ANALYSIS = YES;
				CLANG_WARN_STRICT_PROTOTYPES = YES;
				CLANG_WARN_SUSPICIOUS_MOVE = YES;
				CLANG_WARN_UNGUARDED_AVAILABILITY = YES_AGGRESSIVE;
				CLANG_WARN_UNREACHABLE_CODE = YES;
				CLANG_WARN__DUPLICATE_METHOD_MATCH = YES;
				COPY_PHASE_STRIP = NO;
				DEBUG_INFORMATION_FORMAT = "dwarf-with-dsym";
				ENABLE_NS_ASSERTIONS = NO;
				ENABLE_STRICT_OBJC_MSGSEND = YES;
				GCC_C_LANGUAGE_STANDARD = gnu11;
				GCC_NO_COMMON_BLOCKS = YES;
				GCC_WARN_64_TO_32_BIT_CONVERSION = YES;
				GCC_WARN_ABOUT_RETURN_TYPE = YES_ERROR;
				GCC_WARN_UNDECLARED_SELECTOR = YES;
				GCC_WARN_UNINITIALIZED_AUTOS = YES_AGGRESSIVE;
				GCC_WARN_UNUSED_FUNCTION = YES;
				GCC_WARN_UNUSED_VARIABLE = YES;
				IPHONEOS_DEPLOYMENT_TARGET = 13.1;
				MTL_ENABLE_DEBUG_INFO = NO;
				MTL_FAST_MATH = YES;
				SDKROOT = iphoneos;
				SWIFT_COMPILATION_MODE = wholemodule;
				SWIFT_OPTIMIZATION_LEVEL = "-O";
				VALIDATE_PRODUCT = YES;
			};
			name = Release;
		};
		962CFB5E235E86B300715378 /* Debug */ = {
			isa = XCBuildConfiguration;
			baseConfigurationReference = CBCFB16769E07DBEA0B2592F /* Pods-Civit.debug.xcconfig */;
			buildSettings = {
				ASSETCATALOG_COMPILER_APPICON_NAME = AppIcon;
				CODE_SIGN_STYLE = Automatic;
				DEVELOPMENT_TEAM = 7BV7V7SB67;
				INFOPLIST_FILE = Civit/Info.plist;
				LD_RUNPATH_SEARCH_PATHS = (
					"$(inherited)",
					"@executable_path/Frameworks",
				);
				PRODUCT_BUNDLE_IDENTIFIER = com.nishant.Civit;
				PRODUCT_NAME = "$(TARGET_NAME)";
				SWIFT_VERSION = 5.0;
				TARGETED_DEVICE_FAMILY = "1,2";
			};
			name = Debug;
		};
		962CFB5F235E86B300715378 /* Release */ = {
			isa = XCBuildConfiguration;
			baseConfigurationReference = 75AFFC14D5D30D5491ABEDBE /* Pods-Civit.release.xcconfig */;
			buildSettings = {
				ASSETCATALOG_COMPILER_APPICON_NAME = AppIcon;
				CODE_SIGN_STYLE = Automatic;
				DEVELOPMENT_TEAM = 7BV7V7SB67;
				INFOPLIST_FILE = Civit/Info.plist;
				LD_RUNPATH_SEARCH_PATHS = (
					"$(inherited)",
					"@executable_path/Frameworks",
				);
				PRODUCT_BUNDLE_IDENTIFIER = com.nishant.Civit;
				PRODUCT_NAME = "$(TARGET_NAME)";
				SWIFT_VERSION = 5.0;
				TARGETED_DEVICE_FAMILY = "1,2";
			};
			name = Release;
		};
/* End XCBuildConfiguration section */

/* Begin XCConfigurationList section */
		962CFB44235E86B200715378 /* Build configuration list for PBXProject "Civit" */ = {
			isa = XCConfigurationList;
			buildConfigurations = (
				962CFB5B235E86B300715378 /* Debug */,
				962CFB5C235E86B300715378 /* Release */,
			);
			defaultConfigurationIsVisible = 0;
			defaultConfigurationName = Release;
		};
		962CFB5D235E86B300715378 /* Build configuration list for PBXNativeTarget "Civit" */ = {
			isa = XCConfigurationList;
			buildConfigurations = (
				962CFB5E235E86B300715378 /* Debug */,
				962CFB5F235E86B300715378 /* Release */,
			);
			defaultConfigurationIsVisible = 0;
			defaultConfigurationName = Release;
		};
/* End XCConfigurationList section */
	};
	rootObject = 962CFB41235E86B200715378 /* Project object */;
}
