// !$*UTF8*$!
{
	archiveVersion = 1;
	classes = {
	};
	objectVersion = 50;
	objects = {

/* Begin PBXBuildFile section */
		0DB87D362364B52500059DC8 /* Page.swift in Sources */ = {isa = PBXBuildFile; fileRef = 0DB87D352364B52500059DC8 /* Page.swift */; };
		0DFA0C822361294100189515 /* SwipingController.swift in Sources */ = {isa = PBXBuildFile; fileRef = 0DFA0C812361294100189515 /* SwipingController.swift */; };
		0DFA0C842362225F00189515 /* PageCell.swift in Sources */ = {isa = PBXBuildFile; fileRef = 0DFA0C832362225F00189515 /* PageCell.swift */; };
		962CFB4D235E86B200715378 /* AppDelegate.swift in Sources */ = {isa = PBXBuildFile; fileRef = 962CFB4C235E86B200715378 /* AppDelegate.swift */; };
		962CFB4F235E86B200715378 /* SceneDelegate.swift in Sources */ = {isa = PBXBuildFile; fileRef = 962CFB4E235E86B200715378 /* SceneDelegate.swift */; };
		962CFB51235E86B200715378 /* ViewController.swift in Sources */ = {isa = PBXBuildFile; fileRef = 962CFB50235E86B200715378 /* ViewController.swift */; };
		962CFB54235E86B200715378 /* Main.storyboard in Resources */ = {isa = PBXBuildFile; fileRef = 962CFB52235E86B200715378 /* Main.storyboard */; };
		962CFB56235E86B300715378 /* Assets.xcassets in Resources */ = {isa = PBXBuildFile; fileRef = 962CFB55235E86B300715378 /* Assets.xcassets */; };
		962CFB59235E86B300715378 /* LaunchScreen.storyboard in Resources */ = {isa = PBXBuildFile; fileRef = 962CFB57235E86B300715378 /* LaunchScreen.storyboard */; };
/* End PBXBuildFile section */

/* Begin PBXFileReference section */
		0DB87D352364B52500059DC8 /* Page.swift */ = {isa = PBXFileReference; lastKnownFileType = sourcecode.swift; path = Page.swift; sourceTree = "<group>"; };
		0DFA0C812361294100189515 /* SwipingController.swift */ = {isa = PBXFileReference; lastKnownFileType = sourcecode.swift; path = SwipingController.swift; sourceTree = "<group>"; };
		0DFA0C832362225F00189515 /* PageCell.swift */ = {isa = PBXFileReference; lastKnownFileType = sourcecode.swift; path = PageCell.swift; sourceTree = "<group>"; };
		962CFB49235E86B200715378 /* Civit.app */ = {isa = PBXFileReference; explicitFileType = wrapper.application; includeInIndex = 0; path = Civit.app; sourceTree = BUILT_PRODUCTS_DIR; };
		962CFB4C235E86B200715378 /* AppDelegate.swift */ = {isa = PBXFileReference; lastKnownFileType = sourcecode.swift; path = AppDelegate.swift; sourceTree = "<group>"; };
		962CFB4E235E86B200715378 /* SceneDelegate.swift */ = {isa = PBXFileReference; lastKnownFileType = sourcecode.swift; path = SceneDelegate.swift; sourceTree = "<group>"; };
		962CFB50235E86B200715378 /* ViewController.swift */ = {isa = PBXFileReference; lastKnownFileType = sourcecode.swift; path = ViewController.swift; sourceTree = "<group>"; };
		962CFB53235E86B200715378 /* Base */ = {isa = PBXFileReference; lastKnownFileType = file.storyboard; name = Base; path = Base.lproj/Main.storyboard; sourceTree = "<group>"; };
		962CFB55235E86B300715378 /* Assets.xcassets */ = {isa = PBXFileReference; lastKnownFileType = folder.assetcatalog; path = Assets.xcassets; sourceTree = "<group>"; };
		962CFB58235E86B300715378 /* Base */ = {isa = PBXFileReference; lastKnownFileType = file.storyboard; name = Base; path = Base.lproj/LaunchScreen.storyboard; sourceTree = "<group>"; };
		962CFB5A235E86B300715378 /* Info.plist */ = {isa = PBXFileReference; lastKnownFileType = text.plist.xml; path = Info.plist; sourceTree = "<group>"; };
/* End PBXFileReference section */

/* Begin PBXFrameworksBuildPhase section */
		962CFB46235E86B200715378 /* Frameworks */ = {
			isa = PBXFrameworksBuildPhase;
			buildActionMask = 2147483647;
			files = (
			);
			runOnlyForDeploymentPostprocessing = 0;
		};
/* End PBXFrameworksBuildPhase section */

/* Begin PBXGroup section */
		0DB87D342364B51000059DC8 /* Model */ = {
			isa = PBXGroup;
			children = (
				0DB87D352364B52500059DC8 /* Page.swift */,
			);
			path = Model;
			sourceTree = "<group>";
		};
		0DB87D372364D9EA00059DC8 /* VIewModel */ = {
			isa = PBXGroup;
			children = (
				0DFA0C812361294100189515 /* SwipingController.swift */,
			);
			path = VIewModel;
			sourceTree = "<group>";
		};
		0DB87D382364DC0D00059DC8 /* View */ = {
			isa = PBXGroup;
			children = (
				0DFA0C832362225F00189515 /* PageCell.swift */,
			);
			path = View;
			sourceTree = "<group>";
		};
		962CFB40235E86B200715378 = {
			isa = PBXGroup;
			children = (
				962CFB4B235E86B200715378 /* Civit */,
				962CFB4A235E86B200715378 /* Products */,
			);
			sourceTree = "<group>";
		};
		962CFB4A235E86B200715378 /* Products */ = {
			isa = PBXGroup;
			children = (
				962CFB49235E86B200715378 /* Civit.app */,
			);
			name = Products;
			sourceTree = "<group>";
		};
		962CFB4B235E86B200715378 /* Civit */ = {
			isa = PBXGroup;
			children = (
				0DB87D382364DC0D00059DC8 /* View */,
				0DB87D372364D9EA00059DC8 /* VIewModel */,
				0DB87D342364B51000059DC8 /* Model */,
				962CFB4C235E86B200715378 /* AppDelegate.swift */,
				962CFB4E235E86B200715378 /* SceneDelegate.swift */,
				962CFB50235E86B200715378 /* ViewController.swift */,
				962CFB52235E86B200715378 /* Main.storyboard */,
				962CFB55235E86B300715378 /* Assets.xcassets */,
				962CFB57235E86B300715378 /* LaunchScreen.storyboard */,
				962CFB5A235E86B300715378 /* Info.plist */,
			);
			path = Civit;
			sourceTree = "<group>";
		};
/* End PBXGroup section */

/* Begin PBXNativeTarget section */
		962CFB48235E86B200715378 /* Civit */ = {
			isa = PBXNativeTarget;
			buildConfigurationList = 962CFB5D235E86B300715378 /* Build configuration list for PBXNativeTarget "Civit" */;
			buildPhases = (
				962CFB45235E86B200715378 /* Sources */,
				962CFB46235E86B200715378 /* Frameworks */,
				962CFB47235E86B200715378 /* Resources */,
			);
			buildRules = (
			);
			dependencies = (
			);
			name = Civit;
			productName = Civit;
			productReference = 962CFB49235E86B200715378 /* Civit.app */;
			productType = "com.apple.product-type.application";
		};
/* End PBXNativeTarget section */

/* Begin PBXProject section */
		962CFB41235E86B200715378 /* Project object */ = {
			isa = PBXProject;
			attributes = {
				LastSwiftUpdateCheck = 1110;
				LastUpgradeCheck = 1110;
				ORGANIZATIONNAME = nishant;
				TargetAttributes = {
					962CFB48235E86B200715378 = {
						CreatedOnToolsVersion = 11.1;
					};
				};
			};
			buildConfigurationList = 962CFB44235E86B200715378 /* Build configuration list for PBXProject "Civit" */;
			compatibilityVersion = "Xcode 9.3";
			developmentRegion = en;
			hasScannedForEncodings = 0;
			knownRegions = (
				en,
				Base,
			);
			mainGroup = 962CFB40235E86B200715378;
			productRefGroup = 962CFB4A235E86B200715378 /* Products */;
			projectDirPath = "";
			projectRoot = "";
			targets = (
				962CFB48235E86B200715378 /* Civit */,
			);
		};
/* End PBXProject section */

/* Begin PBXResourcesBuildPhase section */
		962CFB47235E86B200715378 /* Resources */ = {
			isa = PBXResourcesBuildPhase;
			buildActionMask = 2147483647;
			files = (
				962CFB59235E86B300715378 /* LaunchScreen.storyboard in Resources */,
				962CFB56235E86B300715378 /* Assets.xcassets in Resources */,
				962CFB54235E86B200715378 /* Main.storyboard in Resources */,
			);
			runOnlyForDeploymentPostprocessing = 0;
		};
/* End PBXResourcesBuildPhase section */

/* Begin PBXSourcesBuildPhase section */
		962CFB45235E86B200715378 /* Sources */ = {
			isa = PBXSourcesBuildPhase;
			buildActionMask = 2147483647;
			files = (
				0DFA0C822361294100189515 /* SwipingController.swift in Sources */,
				0DFA0C842362225F00189515 /* PageCell.swift in Sources */,
				0DB87D362364B52500059DC8 /* Page.swift in Sources */,
				962CFB51235E86B200715378 /* ViewController.swift in Sources */,
				962CFB4D235E86B200715378 /* AppDelegate.swift in Sources */,
				962CFB4F235E86B200715378 /* SceneDelegate.swift in Sources */,
			);
			runOnlyForDeploymentPostprocessing = 0;
		};
/* End PBXSourcesBuildPhase section */

/* Begin PBXVariantGroup section */
		962CFB52235E86B200715378 /* Main.storyboard */ = {
			isa = PBXVariantGroup;
			children = (
				962CFB53235E86B200715378 /* Base */,
			);
			name = Main.storyboard;
			sourceTree = "<group>";
		};
		962CFB57235E86B300715378 /* LaunchScreen.storyboard */ = {
			isa = PBXVariantGroup;
			children = (
				962CFB58235E86B300715378 /* Base */,
			);
			name = LaunchScreen.storyboard;
			sourceTree = "<group>";
		};
/* End PBXVariantGroup section */

/* Begin XCBuildConfiguration section */
		962CFB5B235E86B300715378 /* Debug */ = {
			isa = XCBuildConfiguration;
			buildSettings = {
				ALWAYS_SEARCH_USER_PATHS = NO;
				CLANG_ANALYZER_NONNULL = YES;
				CLANG_ANALYZER_NUMBER_OBJECT_CONVERSION = YES_AGGRESSIVE;
				CLANG_CXX_LANGUAGE_STANDARD = "gnu++14";
				CLANG_CXX_LIBRARY = "libc++";
				CLANG_ENABLE_MODULES = YES;
				CLANG_ENABLE_OBJC_ARC = YES;
				CLANG_ENABLE_OBJC_WEAK = YES;
				CLANG_WARN_BLOCK_CAPTURE_AUTORELEASING = YES;
				CLANG_WARN_BOOL_CONVERSION = YES;
				CLANG_WARN_COMMA = YES;
				CLANG_WARN_CONSTANT_CONVERSION = YES;
				CLANG_WARN_DEPRECATED_OBJC_IMPLEMENTATIONS = YES;
				CLANG_WARN_DIRECT_OBJC_ISA_USAGE = YES_ERROR;
				CLANG_WARN_DOCUMENTATION_COMMENTS = YES;
				CLANG_WARN_EMPTY_BODY = YES;
				CLANG_WARN_ENUM_CONVERSION = YES;
				CLANG_WARN_INFINITE_RECURSION = YES;
				CLANG_WARN_INT_CONVERSION = YES;
				CLANG_WARN_NON_LITERAL_NULL_CONVERSION = YES;
				CLANG_WARN_OBJC_IMPLICIT_RETAIN_SELF = YES;
				CLANG_WARN_OBJC_LITERAL_CONVERSION = YES;
				CLANG_WARN_OBJC_ROOT_CLASS = YES_ERROR;
				CLANG_WARN_RANGE_LOOP_ANALYSIS = YES;
				CLANG_WARN_STRICT_PROTOTYPES = YES;
				CLANG_WARN_SUSPICIOUS_MOVE = YES;
				CLANG_WARN_UNGUARDED_AVAILABILITY = YES_AGGRESSIVE;
				CLANG_WARN_UNREACHABLE_CODE = YES;
				CLANG_WARN__DUPLICATE_METHOD_MATCH = YES;
				COPY_PHASE_STRIP = NO;
				DEBUG_INFORMATION_FORMAT = dwarf;
				ENABLE_STRICT_OBJC_MSGSEND = YES;
				ENABLE_TESTABILITY = YES;
				GCC_C_LANGUAGE_STANDARD = gnu11;
				GCC_DYNAMIC_NO_PIC = NO;
				GCC_NO_COMMON_BLOCKS = YES;
				GCC_OPTIMIZATION_LEVEL = 0;
				GCC_PREPROCESSOR_DEFINITIONS = (
					"DEBUG=1",
					"$(inherited)",
				);
				GCC_WARN_64_TO_32_BIT_CONVERSION = YES;
				GCC_WARN_ABOUT_RETURN_TYPE = YES_ERROR;
				GCC_WARN_UNDECLARED_SELECTOR = YES;
				GCC_WARN_UNINITIALIZED_AUTOS = YES_AGGRESSIVE;
				GCC_WARN_UNUSED_FUNCTION = YES;
				GCC_WARN_UNUSED_VARIABLE = YES;
				IPHONEOS_DEPLOYMENT_TARGET = 13.1;
				MTL_ENABLE_DEBUG_INFO = INCLUDE_SOURCE;
				MTL_FAST_MATH = YES;
				ONLY_ACTIVE_ARCH = YES;
				SDKROOT = iphoneos;
				SWIFT_ACTIVE_COMPILATION_CONDITIONS = DEBUG;
				SWIFT_OPTIMIZATION_LEVEL = "-Onone";
			};
			name = Debug;
		};
		962CFB5C235E86B300715378 /* Release */ = {
			isa = XCBuildConfiguration;
			buildSettings = {
				ALWAYS_SEARCH_USER_PATHS = NO;
				CLANG_ANALYZER_NONNULL = YES;
				CLANG_ANALYZER_NUMBER_OBJECT_CONVERSION = YES_AGGRESSIVE;
				CLANG_CXX_LANGUAGE_STANDARD = "gnu++14";
				CLANG_CXX_LIBRARY = "libc++";
				CLANG_ENABLE_MODULES = YES;
				CLANG_ENABLE_OBJC_ARC = YES;
				CLANG_ENABLE_OBJC_WEAK = YES;
				CLANG_WARN_BLOCK_CAPTURE_AUTORELEASING = YES;
				CLANG_WARN_BOOL_CONVERSION = YES;
				CLANG_WARN_COMMA = YES;
				CLANG_WARN_CONSTANT_CONVERSION = YES;
				CLANG_WARN_DEPRECATED_OBJC_IMPLEMENTATIONS = YES;
				CLANG_WARN_DIRECT_OBJC_ISA_USAGE = YES_ERROR;
				CLANG_WARN_DOCUMENTATION_COMMENTS = YES;
				CLANG_WARN_EMPTY_BODY = YES;
				CLANG_WARN_ENUM_CONVERSION = YES;
				CLANG_WARN_INFINITE_RECURSION = YES;
				CLANG_WARN_INT_CONVERSION = YES;
				CLANG_WARN_NON_LITERAL_NULL_CONVERSION = YES;
				CLANG_WARN_OBJC_IMPLICIT_RETAIN_SELF = YES;
				CLANG_WARN_OBJC_LITERAL_CONVERSION = YES;
				CLANG_WARN_OBJC_ROOT_CLASS = YES_ERROR;
				CLANG_WARN_RANGE_LOOP_ANALYSIS = YES;
				CLANG_WARN_STRICT_PROTOTYPES = YES;
				CLANG_WARN_SUSPICIOUS_MOVE = YES;
				CLANG_WARN_UNGUARDED_AVAILABILITY = YES_AGGRESSIVE;
				CLANG_WARN_UNREACHABLE_CODE = YES;
				CLANG_WARN__DUPLICATE_METHOD_MATCH = YES;
				COPY_PHASE_STRIP = NO;
				DEBUG_INFORMATION_FORMAT = "dwarf-with-dsym";
				ENABLE_NS_ASSERTIONS = NO;
				ENABLE_STRICT_OBJC_MSGSEND = YES;
				GCC_C_LANGUAGE_STANDARD = gnu11;
				GCC_NO_COMMON_BLOCKS = YES;
				GCC_WARN_64_TO_32_BIT_CONVERSION = YES;
				GCC_WARN_ABOUT_RETURN_TYPE = YES_ERROR;
				GCC_WARN_UNDECLARED_SELECTOR = YES;
				GCC_WARN_UNINITIALIZED_AUTOS = YES_AGGRESSIVE;
				GCC_WARN_UNUSED_FUNCTION = YES;
				GCC_WARN_UNUSED_VARIABLE = YES;
				IPHONEOS_DEPLOYMENT_TARGET = 13.1;
				MTL_ENABLE_DEBUG_INFO = NO;
				MTL_FAST_MATH = YES;
				SDKROOT = iphoneos;
				SWIFT_COMPILATION_MODE = wholemodule;
				SWIFT_OPTIMIZATION_LEVEL = "-O";
				VALIDATE_PRODUCT = YES;
			};
			name = Release;
		};
		962CFB5E235E86B300715378 /* Debug */ = {
			isa = XCBuildConfiguration;
			buildSettings = {
				ASSETCATALOG_COMPILER_APPICON_NAME = AppIcon;
				CODE_SIGN_STYLE = Automatic;
				DEVELOPMENT_TEAM = 7BV7V7SB67;
				INFOPLIST_FILE = Civit/Info.plist;
				LD_RUNPATH_SEARCH_PATHS = (
					"$(inherited)",
					"@executable_path/Frameworks",
				);
				PRODUCT_BUNDLE_IDENTIFIER = com.nishant.Civit;
				PRODUCT_NAME = "$(TARGET_NAME)";
				SWIFT_VERSION = 5.0;
				TARGETED_DEVICE_FAMILY = "1,2";
			};
			name = Debug;
		};
		962CFB5F235E86B300715378 /* Release */ = {
			isa = XCBuildConfiguration;
			buildSettings = {
				ASSETCATALOG_COMPILER_APPICON_NAME = AppIcon;
				CODE_SIGN_STYLE = Automatic;
				DEVELOPMENT_TEAM = 7BV7V7SB67;
				INFOPLIST_FILE = Civit/Info.plist;
				LD_RUNPATH_SEARCH_PATHS = (
					"$(inherited)",
					"@executable_path/Frameworks",
				);
				PRODUCT_BUNDLE_IDENTIFIER = com.nishant.Civit;
				PRODUCT_NAME = "$(TARGET_NAME)";
				SWIFT_VERSION = 5.0;
				TARGETED_DEVICE_FAMILY = "1,2";
			};
			name = Release;
		};
/* End XCBuildConfiguration section */

/* Begin XCConfigurationList section */
		962CFB44235E86B200715378 /* Build configuration list for PBXProject "Civit" */ = {
			isa = XCConfigurationList;
			buildConfigurations = (
				962CFB5B235E86B300715378 /* Debug */,
				962CFB5C235E86B300715378 /* Release */,
			);
			defaultConfigurationIsVisible = 0;
			defaultConfigurationName = Release;
		};
		962CFB5D235E86B300715378 /* Build configuration list for PBXNativeTarget "Civit" */ = {
			isa = XCConfigurationList;
			buildConfigurations = (
				962CFB5E235E86B300715378 /* Debug */,
				962CFB5F235E86B300715378 /* Release */,
			);
			defaultConfigurationIsVisible = 0;
			defaultConfigurationName = Release;
		};
/* End XCConfigurationList section */
	};
	rootObject = 962CFB41235E86B200715378 /* Project object */;
}
